
Microsoft Visual Studio Solution File, Format Version 12.00
# Visual Studio Version 17
VisualStudioVersion = 17.10.35013.160
MinimumVisualStudioVersion = 10.0.40219.1
Project("{FAE04EC0-301F-11D3-BF4B-00C04F79EFBC}") = "Bear Kart Launcher", "Bear Kart Launcher\Bear Kart Launcher.csproj", "{C584E7A9-1745-4E03-A61E-2274A6C35B13}"
EndProject
Global
	GlobalSection(SolutionConfigurationPlatforms) = preSolution
		Debug|Any CPU = Debug|Any CPU
		Release|Any CPU = Release|Any CPU
	EndGlobalSection
	GlobalSection(ProjectConfigurationPlatforms) = postSolution
		{C584E7A9-1745-4E03-A61E-2274A6C35B13}.Debug|Any CPU.ActiveCfg = Debug|Any CPU
		{C584E7A9-1745-4E03-A61E-2274A6C35B13}.Debug|Any CPU.Build.0 = Debug|Any CPU
		{C584E7A9-1745-4E03-A61E-2274A6C35B13}.Release|Any CPU.ActiveCfg = Release|Any CPU
		{C584E7A9-1745-4E03-A61E-2274A6C35B13}.Release|Any CPU.Build.0 = Release|Any CPU
	EndGlobalSection
	GlobalSection(SolutionProperties) = preSolution
		HideSolutionNode = FALSE
	EndGlobalSection
	GlobalSection(ExtensibilityGlobals) = postSolution
		SolutionGuid = {F067408C-64C5-4FC3-9C85-738A3F4D0AA4}
	EndGlobalSection
EndGlobal
